{
  "name": "eventknit",
  "lockfileVersion": 3,
  "requires": true,
  "packages": {
    "": {
      "name": "eventknit",
      "devDependencies": {
        "@eslint/js": "^10.0.1",
        "husky": "^9.1.7"
      }
    },
    "node_modules/@eslint/js": {
      "version": "10.0.1",
      "resolved": "https://registry.npmjs.org/@eslint/js/-/js-10.0.1.tgz",
      "integrity": "sha512-zeR9k5pd4gxjZ0abRoIaxdc7I3nDktoXZk2qOv9gCNWx3mVwEn32VRhyLaRsDiJjTs0xq/T8mfPtyuXu7GWBcA==",
      "dev": true,
      "license": "MIT",
      "engines": {
        "node": "^20.19.0 || ^22.13.0 || >=24"
      },
      "funding": {
        "url": "https://eslint.org/donate"
      },
      "peerDependencies": {
        "eslint": "^10.0.0"
      },
      "peerDependenciesMeta": {
        "eslint": {
          "optional": true
        }
      }
    },
    "node_modules/husky": {
      "version": "9.1.7",
      "resolved": "https://registry.npmjs.org/husky/-/husky-9.1.7.tgz",
      "integrity": "sha512-5gs5ytaNjBrh5Ow3zrvdUUY+0VxIuWVL4i9irt6friV+BqdCfmV11CQTWMiBYWHbXhco+J1kHfTOUkePhCDvMA==",
      "dev": true,
      "license": "MIT",
      "bin": {
        "husky": "bin.js"
      },
      "engines": {
        "node": ">=18"
      },
      "funding": {
        "url": "https://github.com/sponsors/typicode"
      }
    }
  }
}
